<Solution>
  <Project Path="SmartRestockEmployees/SmartRestockEmployees.csproj" />
  <Project Path="EmployeeOvertime/EmployeeOvertime.csproj" />
  <Project Path="CheatForDev/CheatForDev.csproj" />
  <Project Path="GameBridge/GameBridge.csproj" />
  <Project Path="GameMcp/Server/GameMcp.csproj" />
  <Project Path="GameMcp/Tests/GameMcp.Tests.csproj" />
</Solution>
